
Microsoft Visual Studio Solution File, Format Version 12.00
# Visual Studio Version 17
VisualStudioVersion = 17.11.35312.102
MinimumVisualStudioVersion = 10.0.40219.1
Project("{9A19103F-16F7-4668-BE54-9A1E7A4F7556}") = "SkillCrest_LearningPlatform", "SkillCrest_LearningPlatform\SkillCrest_LearningPlatform.csproj", "{48B49AC9-2BE3-4D60-8E9C-D76C50E85E72}"
EndProject
Project("{9A19103F-16F7-4668-BE54-9A1E7A4F7556}") = "SkillCrest_LearningPlatform.Data", "SkillCrest_LearningPlatform.Data\SkillCrest_LearningPlatform.Data.csproj", "{4178D34F-D574-4329-84FB-B9FAC5D0B901}"
EndProject
Project("{9A19103F-16F7-4668-BE54-9A1E7A4F7556}") = "SkillCrest_LearningPlatform.Common", "SkillCrest_LearningPlatform.Common\SkillCrest_LearningPlatform.Common.csproj", "{7FCCB1EB-7A89-4D01-9B77-3C8DD72B98F8}"
EndProject
Project("{FAE04EC0-301F-11D3-BF4B-00C04F79EFBC}") = "SkillCrest_LearningPlatform.ViewModels", "SkillCrest_LearningPlatform.ViewModels\SkillCrest_LearningPlatform.ViewModels.csproj", "{C13BF489-B1CF-48B8-B684-9D87E1EB0E5F}"
EndProject
Global
	GlobalSection(SolutionConfigurationPlatforms) = preSolution
		Debug|Any CPU = Debug|Any CPU
		Release|Any CPU = Release|Any CPU
	EndGlobalSection
	GlobalSection(ProjectConfigurationPlatforms) = postSolution
		{48B49AC9-2BE3-4D60-8E9C-D76C50E85E72}.Debug|Any CPU.ActiveCfg = Debug|Any CPU
		{48B49AC9-2BE3-4D60-8E9C-D76C50E85E72}.Debug|Any CPU.Build.0 = Debug|Any CPU
		{48B49AC9-2BE3-4D60-8E9C-D76C50E85E72}.Release|Any CPU.ActiveCfg = Release|Any CPU
		{48B49AC9-2BE3-4D60-8E9C-D76C50E85E72}.Release|Any CPU.Build.0 = Release|Any CPU
		{4178D34F-D574-4329-84FB-B9FAC5D0B901}.Debug|Any CPU.ActiveCfg = Debug|Any CPU
		{4178D34F-D574-4329-84FB-B9FAC5D0B901}.Debug|Any CPU.Build.0 = Debug|Any CPU
		{4178D34F-D574-4329-84FB-B9FAC5D0B901}.Release|Any CPU.ActiveCfg = Release|Any CPU
		{4178D34F-D574-4329-84FB-B9FAC5D0B901}.Release|Any CPU.Build.0 = Release|Any CPU
		{7FCCB1EB-7A89-4D01-9B77-3C8DD72B98F8}.Debug|Any CPU.ActiveCfg = Debug|Any CPU
		{7FCCB1EB-7A89-4D01-9B77-3C8DD72B98F8}.Debug|Any CPU.Build.0 = Debug|Any CPU
		{7FCCB1EB-7A89-4D01-9B77-3C8DD72B98F8}.Release|Any CPU.ActiveCfg = Release|Any CPU
		{7FCCB1EB-7A89-4D01-9B77-3C8DD72B98F8}.Release|Any CPU.Build.0 = Release|Any CPU
		{C13BF489-B1CF-48B8-B684-9D87E1EB0E5F}.Debug|Any CPU.ActiveCfg = Debug|Any CPU
		{C13BF489-B1CF-48B8-B684-9D87E1EB0E5F}.Debug|Any CPU.Build.0 = Debug|Any CPU
		{C13BF489-B1CF-48B8-B684-9D87E1EB0E5F}.Release|Any CPU.ActiveCfg = Release|Any CPU
		{C13BF489-B1CF-48B8-B684-9D87E1EB0E5F}.Release|Any CPU.Build.0 = Release|Any CPU
	EndGlobalSection
	GlobalSection(SolutionProperties) = preSolution
		HideSolutionNode = FALSE
	EndGlobalSection
	GlobalSection(ExtensibilityGlobals) = postSolution
		SolutionGuid = {734944B9-DAD2-4CD9-B02C-90D33BDB74EC}
	EndGlobalSection
EndGlobal
